{
  "name": "pdf-splitter",
  "version": "1.0.0",
  "lockfileVersion": 2,
  "requires": true,
  "packages": {
    "": {
      "name": "pdf-splitter",
      "version": "1.0.0",
      "dependencies": {
        "electron-is-dev": "2.0.0",
        "electron-log": "5.1.4"
      }
    },
    "node_modules/electron-is-dev": {
      "version": "2.0.0",
      "resolved": "https://registry.npmjs.org/electron-is-dev/-/electron-is-dev-2.0.0.tgz",
      "integrity": "sha512-3X99K852Yoqu9AcW50qz3ibYBWY79/pBhlMCab8ToEWS48R0T9tyxRiQhwylE7zQdXrMnx2JKqUJyMPmt5FBqA==",
      "funding": {
        "url": "https://github.com/sponsors/sindresorhus"
      }
    },
    "node_modules/electron-log": {
      "version": "5.1.4",
      "resolved": "https://registry.npmjs.org/electron-log/-/electron-log-5.1.4.tgz",
      "integrity": "sha512-P0RSXnwT3z+e89Z5uAcZDeN85/QjIgv764a93kqCi+wh2Jm22CCbc3AGDt4S8rsxAHWHB4Q0PGsQl3fw1AN0kQ==",
      "engines": {
        "node": ">= 14"
      }
    }
  },
  "dependencies": {
    "electron-is-dev": {
      "version": "2.0.0",
      "resolved": "https://registry.npmjs.org/electron-is-dev/-/electron-is-dev-2.0.0.tgz",
      "integrity": "sha512-3X99K852Yoqu9AcW50qz3ibYBWY79/pBhlMCab8ToEWS48R0T9tyxRiQhwylE7zQdXrMnx2JKqUJyMPmt5FBqA=="
    },
    "electron-log": {
      "version": "5.1.4",
      "resolved": "https://registry.npmjs.org/electron-log/-/electron-log-5.1.4.tgz",
      "integrity": "sha512-P0RSXnwT3z+e89Z5uAcZDeN85/QjIgv764a93kqCi+wh2Jm22CCbc3AGDt4S8rsxAHWHB4Q0PGsQl3fw1AN0kQ=="
    }
  }
}
